
Microsoft Visual Studio Solution File, Format Version 12.00
# Visual Studio Version 17
VisualStudioVersion = 17.5.33424.131
MinimumVisualStudioVersion = 10.0.40219.1
Project("{FAE04EC0-301F-11D3-BF4B-00C04F79EFBC}") = "alan se la come", "alan se la come\alan se la come.csproj", "{8B23B07A-5923-4785-9938-2F984E1E1B3C}"
EndProject
Global
	GlobalSection(SolutionConfigurationPlatforms) = preSolution
		Debug|Any CPU = Debug|Any CPU
		Release|Any CPU = Release|Any CPU
	EndGlobalSection
	GlobalSection(ProjectConfigurationPlatforms) = postSolution
		{8B23B07A-5923-4785-9938-2F984E1E1B3C}.Debug|Any CPU.ActiveCfg = Debug|Any CPU
		{8B23B07A-5923-4785-9938-2F984E1E1B3C}.Debug|Any CPU.Build.0 = Debug|Any CPU
		{8B23B07A-5923-4785-9938-2F984E1E1B3C}.Release|Any CPU.ActiveCfg = Release|Any CPU
		{8B23B07A-5923-4785-9938-2F984E1E1B3C}.Release|Any CPU.Build.0 = Release|Any CPU
	EndGlobalSection
	GlobalSection(SolutionProperties) = preSolution
		HideSolutionNode = FALSE
	EndGlobalSection
	GlobalSection(ExtensibilityGlobals) = postSolution
		SolutionGuid = {DAE19B5C-C7DD-4015-9414-AE5C44ED288E}
	EndGlobalSection
EndGlobal
